// !$*UTF8*$!
{
	archiveVersion = 1;
	classes = {
	};
	objectVersion = 56;
	objects = {

/* Begin PBXBuildFile section */
		7E2EA33529D08F9A00A97CC3 /* AppDelegate.swift in Sources */ = {isa = PBXBuildFile; fileRef = 7E2EA33429D08F9A00A97CC3 /* AppDelegate.swift */; };
		7E2EA33729D08F9A00A97CC3 /* SceneDelegate.swift in Sources */ = {isa = PBXBuildFile; fileRef = 7E2EA33629D08F9A00A97CC3 /* SceneDelegate.swift */; };
		7E2EA33929D08F9A00A97CC3 /* ViewController.swift in Sources */ = {isa = PBXBuildFile; fileRef = 7E2EA33829D08F9A00A97CC3 /* ViewController.swift */; };
		7E2EA33C29D08F9A00A97CC3 /* Main.storyboard in Resources */ = {isa = PBXBuildFile; fileRef = 7E2EA33A29D08F9A00A97CC3 /* Main.storyboard */; };
		7E2EA33E29D08F9D00A97CC3 /* Assets.xcassets in Resources */ = {isa = PBXBuildFile; fileRef = 7E2EA33D29D08F9D00A97CC3 /* Assets.xcassets */; };
		7E2EA34129D08F9D00A97CC3 /* LaunchScreen.storyboard in Resources */ = {isa = PBXBuildFile; fileRef = 7E2EA33F29D08F9D00A97CC3 /* LaunchScreen.storyboard */; };
		7E2EA34929D0914B00A97CC3 /* ImageDataProvider.swift in Sources */ = {isa = PBXBuildFile; fileRef = 7E2EA34829D0914B00A97CC3 /* ImageDataProvider.swift */; };
		7E2EA34B29D0942200A97CC3 /* PathProvider.swift in Sources */ = {isa = PBXBuildFile; fileRef = 7E2EA34A29D0942200A97CC3 /* PathProvider.swift */; };
		7E2EA34D29D0983900A97CC3 /* ImageSaverFacade.swift in Sources */ = {isa = PBXBuildFile; fileRef = 7E2EA34C29D0983900A97CC3 /* ImageSaverFacade.swift */; };
/* End PBXBuildFile section */

/* Begin PBXFileReference section */
		7E2EA33129D08F9A00A97CC3 /* Facade.app */ = {isa = PBXFileReference; explicitFileType = wrapper.application; includeInIndex = 0; path = Facade.app; sourceTree = BUILT_PRODUCTS_DIR; };
		7E2EA33429D08F9A00A97CC3 /* AppDelegate.swift */ = {isa = PBXFileReference; lastKnownFileType = sourcecode.swift; path = AppDelegate.swift; sourceTree = "<group>"; };
		7E2EA33629D08F9A00A97CC3 /* SceneDelegate.swift */ = {isa = PBXFileReference; lastKnownFileType = sourcecode.swift; path = SceneDelegate.swift; sourceTree = "<group>"; };
		7E2EA33829D08F9A00A97CC3 /* ViewController.swift */ = {isa = PBXFileReference; lastKnownFileType = sourcecode.swift; path = ViewController.swift; sourceTree = "<group>"; };
		7E2EA33B29D08F9A00A97CC3 /* Base */ = {isa = PBXFileReference; lastKnownFileType = file.storyboard; name = Base; path = Base.lproj/Main.storyboard; sourceTree = "<group>"; };
		7E2EA33D29D08F9D00A97CC3 /* Assets.xcassets */ = {isa = PBXFileReference; lastKnownFileType = folder.assetcatalog; path = Assets.xcassets; sourceTree = "<group>"; };
		7E2EA34029D08F9D00A97CC3 /* Base */ = {isa = PBXFileReference; lastKnownFileType = file.storyboard; name = Base; path = Base.lproj/LaunchScreen.storyboard; sourceTree = "<group>"; };
		7E2EA34229D08F9D00A97CC3 /* Info.plist */ = {isa = PBXFileReference; lastKnownFileType = text.plist.xml; path = Info.plist; sourceTree = "<group>"; };
		7E2EA34829D0914B00A97CC3 /* ImageDataProvider.swift */ = {isa = PBXFileReference; lastKnownFileType = sourcecode.swift; path = ImageDataProvider.swift; sourceTree = "<group>"; };
		7E2EA34A29D0942200A97CC3 /* PathProvider.swift */ = {isa = PBXFileReference; lastKnownFileType = sourcecode.swift; path = PathProvider.swift; sourceTree = "<group>"; };
		7E2EA34C29D0983900A97CC3 /* ImageSaverFacade.swift */ = {isa = PBXFileReference; lastKnownFileType = sourcecode.swift; path = ImageSaverFacade.swift; sourceTree = "<group>"; };
/* End PBXFileReference section */

/* Begin PBXFrameworksBuildPhase section */
		7E2EA32E29D08F9A00A97CC3 /* Frameworks */ = {
			isa = PBXFrameworksBuildPhase;
			buildActionMask = 2147483647;
			files = (
			);
			runOnlyForDeploymentPostprocessing = 0;
		};
/* End PBXFrameworksBuildPhase section */

/* Begin PBXGroup section */
		7E2EA32829D08F9900A97CC3 = {
			isa = PBXGroup;
			children = (
				7E2EA33329D08F9A00A97CC3 /* Facade */,
				7E2EA33229D08F9A00A97CC3 /* Products */,
			);
			sourceTree = "<group>";
		};
		7E2EA33229D08F9A00A97CC3 /* Products */ = {
			isa = PBXGroup;
			children = (
				7E2EA33129D08F9A00A97CC3 /* Facade.app */,
			);
			name = Products;
			sourceTree = "<group>";
		};
		7E2EA33329D08F9A00A97CC3 /* Facade */ = {
			isa = PBXGroup;
			children = (
				7E2EA33429D08F9A00A97CC3 /* AppDelegate.swift */,
				7E2EA33629D08F9A00A97CC3 /* SceneDelegate.swift */,
				7E2EA33829D08F9A00A97CC3 /* ViewController.swift */,
				7E2EA34829D0914B00A97CC3 /* ImageDataProvider.swift */,
				7E2EA34A29D0942200A97CC3 /* PathProvider.swift */,
				7E2EA34C29D0983900A97CC3 /* ImageSaverFacade.swift */,
				7E2EA33A29D08F9A00A97CC3 /* Main.storyboard */,
				7E2EA33D29D08F9D00A97CC3 /* Assets.xcassets */,
				7E2EA33F29D08F9D00A97CC3 /* LaunchScreen.storyboard */,
				7E2EA34229D08F9D00A97CC3 /* Info.plist */,
			);
			path = Facade;
			sourceTree = "<group>";
		};
/* End PBXGroup section */

/* Begin PBXNativeTarget section */
		7E2EA33029D08F9A00A97CC3 /* Facade */ = {
			isa = PBXNativeTarget;
			buildConfigurationList = 7E2EA34529D08F9D00A97CC3 /* Build configuration list for PBXNativeTarget "Facade" */;
			buildPhases = (
				7E2EA32D29D08F9A00A97CC3 /* Sources */,
				7E2EA32E29D08F9A00A97CC3 /* Frameworks */,
				7E2EA32F29D08F9A00A97CC3 /* Resources */,
			);
			buildRules = (
			);
			dependencies = (
			);
			name = Facade;
			productName = Facade;
			productReference = 7E2EA33129D08F9A00A97CC3 /* Facade.app */;
			productType = "com.apple.product-type.application";
		};
/* End PBXNativeTarget section */

/* Begin PBXProject section */
		7E2EA32929D08F9900A97CC3 /* Project object */ = {
			isa = PBXProject;
			attributes = {
				BuildIndependentTargetsInParallel = 1;
				LastSwiftUpdateCheck = 1420;
				LastUpgradeCheck = 1420;
				TargetAttributes = {
					7E2EA33029D08F9A00A97CC3 = {
						CreatedOnToolsVersion = 14.2;
					};
				};
			};
			buildConfigurationList = 7E2EA32C29D08F9900A97CC3 /* Build configuration list for PBXProject "Facade" */;
			compatibilityVersion = "Xcode 14.0";
			developmentRegion = en;
			hasScannedForEncodings = 0;
			knownRegions = (
				en,
				Base,
			);
			mainGroup = 7E2EA32829D08F9900A97CC3;
			productRefGroup = 7E2EA33229D08F9A00A97CC3 /* Products */;
			projectDirPath = "";
			projectRoot = "";
			targets = (
				7E2EA33029D08F9A00A97CC3 /* Facade */,
			);
		};
/* End PBXProject section */

/* Begin PBXResourcesBuildPhase section */
		7E2EA32F29D08F9A00A97CC3 /* Resources */ = {
			isa = PBXResourcesBuildPhase;
			buildActionMask = 2147483647;
			files = (
				7E2EA34129D08F9D00A97CC3 /* LaunchScreen.storyboard in Resources */,
				7E2EA33E29D08F9D00A97CC3 /* Assets.xcassets in Resources */,
				7E2EA33C29D08F9A00A97CC3 /* Main.storyboard in Resources */,
			);
			runOnlyForDeploymentPostprocessing = 0;
		};
/* End PBXResourcesBuildPhase section */

/* Begin PBXSourcesBuildPhase section */
		7E2EA32D29D08F9A00A97CC3 /* Sources */ = {
			isa = PBXSourcesBuildPhase;
			buildActionMask = 2147483647;
			files = (
				7E2EA33929D08F9A00A97CC3 /* ViewController.swift in Sources */,
				7E2EA34D29D0983900A97CC3 /* ImageSaverFacade.swift in Sources */,
				7E2EA33529D08F9A00A97CC3 /* AppDelegate.swift in Sources */,
				7E2EA34B29D0942200A97CC3 /* PathProvider.swift in Sources */,
				7E2EA34929D0914B00A97CC3 /* ImageDataProvider.swift in Sources */,
				7E2EA33729D08F9A00A97CC3 /* SceneDelegate.swift in Sources */,
			);
			runOnlyForDeploymentPostprocessing = 0;
		};
/* End PBXSourcesBuildPhase section */

/* Begin PBXVariantGroup section */
		7E2EA33A29D08F9A00A97CC3 /* Main.storyboard */ = {
			isa = PBXVariantGroup;
			children = (
				7E2EA33B29D08F9A00A97CC3 /* Base */,
			);
			name = Main.storyboard;
			sourceTree = "<group>";
		};
		7E2EA33F29D08F9D00A97CC3 /* LaunchScreen.storyboard */ = {
			isa = PBXVariantGroup;
			children = (
				7E2EA34029D08F9D00A97CC3 /* Base */,
			);
			name = LaunchScreen.storyboard;
			sourceTree = "<group>";
		};
/* End PBXVariantGroup section */

/* Begin XCBuildConfiguration section */
		7E2EA34329D08F9D00A97CC3 /* Debug */ = {
			isa = XCBuildConfiguration;
			buildSettings = {
				ALWAYS_SEARCH_USER_PATHS = NO;
				CLANG_ANALYZER_NONNULL = YES;
				CLANG_ANALYZER_NUMBER_OBJECT_CONVERSION = YES_AGGRESSIVE;
				CLANG_CXX_LANGUAGE_STANDARD = "gnu++20";
				CLANG_ENABLE_MODULES = YES;
				CLANG_ENABLE_OBJC_ARC = YES;
				CLANG_ENABLE_OBJC_WEAK = YES;
				CLANG_WARN_BLOCK_CAPTURE_AUTORELEASING = YES;
				CLANG_WARN_BOOL_CONVERSION = YES;
				CLANG_WARN_COMMA = YES;
				CLANG_WARN_CONSTANT_CONVERSION = YES;
				CLANG_WARN_DEPRECATED_OBJC_IMPLEMENTATIONS = YES;
				CLANG_WARN_DIRECT_OBJC_ISA_USAGE = YES_ERROR;
				CLANG_WARN_DOCUMENTATION_COMMENTS = YES;
				CLANG_WARN_EMPTY_BODY = YES;
				CLANG_WARN_ENUM_CONVERSION = YES;
				CLANG_WARN_INFINITE_RECURSION = YES;
				CLANG_WARN_INT_CONVERSION = YES;
				CLANG_WARN_NON_LITERAL_NULL_CONVERSION = YES;
				CLANG_WARN_OBJC_IMPLICIT_RETAIN_SELF = YES;
				CLANG_WARN_OBJC_LITERAL_CONVERSION = YES;
				CLANG_WARN_OBJC_ROOT_CLASS = YES_ERROR;
				CLANG_WARN_QUOTED_INCLUDE_IN_FRAMEWORK_HEADER = YES;
				CLANG_WARN_RANGE_LOOP_ANALYSIS = YES;
				CLANG_WARN_STRICT_PROTOTYPES = YES;
				CLANG_WARN_SUSPICIOUS_MOVE = YES;
				CLANG_WARN_UNGUARDED_AVAILABILITY = YES_AGGRESSIVE;
				CLANG_WARN_UNREACHABLE_CODE = YES;
				CLANG_WARN__DUPLICATE_METHOD_MATCH = YES;
				COPY_PHASE_STRIP = NO;
				DEBUG_INFORMATION_FORMAT = dwarf;
				ENABLE_STRICT_OBJC_MSGSEND = YES;
				ENABLE_TESTABILITY = YES;
				GCC_C_LANGUAGE_STANDARD = gnu11;
				GCC_DYNAMIC_NO_PIC = NO;
				GCC_NO_COMMON_BLOCKS = YES;
				GCC_OPTIMIZATION_LEVEL = 0;
				GCC_PREPROCESSOR_DEFINITIONS = (
					"DEBUG=1",
					"$(inherited)",
				);
				GCC_WARN_64_TO_32_BIT_CONVERSION = YES;
				GCC_WARN_ABOUT_RETURN_TYPE = YES_ERROR;
				GCC_WARN_UNDECLARED_SELECTOR = YES;
				GCC_WARN_UNINITIALIZED_AUTOS = YES_AGGRESSIVE;
				GCC_WARN_UNUSED_FUNCTION = YES;
				GCC_WARN_UNUSED_VARIABLE = YES;
				IPHONEOS_DEPLOYMENT_TARGET = 16.2;
				MTL_ENABLE_DEBUG_INFO = INCLUDE_SOURCE;
				MTL_FAST_MATH = YES;
				ONLY_ACTIVE_ARCH = YES;
				SDKROOT = iphoneos;
				SWIFT_ACTIVE_COMPILATION_CONDITIONS = DEBUG;
				SWIFT_OPTIMIZATION_LEVEL = "-Onone";
			};
			name = Debug;
		};
		7E2EA34429D08F9D00A97CC3 /* Release */ = {
			isa = XCBuildConfiguration;
			buildSettings = {
				ALWAYS_SEARCH_USER_PATHS = NO;
				CLANG_ANALYZER_NONNULL = YES;
				CLANG_ANALYZER_NUMBER_OBJECT_CONVERSION = YES_AGGRESSIVE;
				CLANG_CXX_LANGUAGE_STANDARD = "gnu++20";
				CLANG_ENABLE_MODULES = YES;
				CLANG_ENABLE_OBJC_ARC = YES;
				CLANG_ENABLE_OBJC_WEAK = YES;
				CLANG_WARN_BLOCK_CAPTURE_AUTORELEASING = YES;
				CLANG_WARN_BOOL_CONVERSION = YES;
				CLANG_WARN_COMMA = YES;
				CLANG_WARN_CONSTANT_CONVERSION = YES;
				CLANG_WARN_DEPRECATED_OBJC_IMPLEMENTATIONS = YES;
				CLANG_WARN_DIRECT_OBJC_ISA_USAGE = YES_ERROR;
				CLANG_WARN_DOCUMENTATION_COMMENTS = YES;
				CLANG_WARN_EMPTY_BODY = YES;
				CLANG_WARN_ENUM_CONVERSION = YES;
				CLANG_WARN_INFINITE_RECURSION = YES;
				CLANG_WARN_INT_CONVERSION = YES;
				CLANG_WARN_NON_LITERAL_NULL_CONVERSION = YES;
				CLANG_WARN_OBJC_IMPLICIT_RETAIN_SELF = YES;
				CLANG_WARN_OBJC_LITERAL_CONVERSION = YES;
				CLANG_WARN_OBJC_ROOT_CLASS = YES_ERROR;
				CLANG_WARN_QUOTED_INCLUDE_IN_FRAMEWORK_HEADER = YES;
				CLANG_WARN_RANGE_LOOP_ANALYSIS = YES;
				CLANG_WARN_STRICT_PROTOTYPES = YES;
				CLANG_WARN_SUSPICIOUS_MOVE = YES;
				CLANG_WARN_UNGUARDED_AVAILABILITY = YES_AGGRESSIVE;
				CLANG_WARN_UNREACHABLE_CODE = YES;
				CLANG_WARN__DUPLICATE_METHOD_MATCH = YES;
				COPY_PHASE_STRIP = NO;
				DEBUG_INFORMATION_FORMAT = "dwarf-with-dsym";
				ENABLE_NS_ASSERTIONS = NO;
				ENABLE_STRICT_OBJC_MSGSEND = YES;
				GCC_C_LANGUAGE_STANDARD = gnu11;
				GCC_NO_COMMON_BLOCKS = YES;
				GCC_WARN_64_TO_32_BIT_CONVERSION = YES;
				GCC_WARN_ABOUT_RETURN_TYPE = YES_ERROR;
				GCC_WARN_UNDECLARED_SELECTOR = YES;
				GCC_WARN_UNINITIALIZED_AUTOS = YES_AGGRESSIVE;
				GCC_WARN_UNUSED_FUNCTION = YES;
				GCC_WARN_UNUSED_VARIABLE = YES;
				IPHONEOS_DEPLOYMENT_TARGET = 16.2;
				MTL_ENABLE_DEBUG_INFO = NO;
				MTL_FAST_MATH = YES;
				SDKROOT = iphoneos;
				SWIFT_COMPILATION_MODE = wholemodule;
				SWIFT_OPTIMIZATION_LEVEL = "-O";
				VALIDATE_PRODUCT = YES;
			};
			name = Release;
		};
		7E2EA34629D08F9D00A97CC3 /* Debug */ = {
			isa = XCBuildConfiguration;
			buildSettings = {
				ASSETCATALOG_COMPILER_APPICON_NAME = AppIcon;
				ASSETCATALOG_COMPILER_GLOBAL_ACCENT_COLOR_NAME = AccentColor;
				CODE_SIGN_STYLE = Automatic;
				CURRENT_PROJECT_VERSION = 1;
				GENERATE_INFOPLIST_FILE = YES;
				INFOPLIST_FILE = Facade/Info.plist;
				INFOPLIST_KEY_UIApplicationSupportsIndirectInputEvents = YES;
				INFOPLIST_KEY_UILaunchStoryboardName = LaunchScreen;
				INFOPLIST_KEY_UIMainStoryboardFile = Main;
				INFOPLIST_KEY_UISupportedInterfaceOrientations_iPad = "UIInterfaceOrientationPortrait UIInterfaceOrientationPortraitUpsideDown UIInterfaceOrientationLandscapeLeft UIInterfaceOrientationLandscapeRight";
				INFOPLIST_KEY_UISupportedInterfaceOrientations_iPhone = "UIInterfaceOrientationPortrait UIInterfaceOrientationLandscapeLeft UIInterfaceOrientationLandscapeRight";
				LD_RUNPATH_SEARCH_PATHS = (
					"$(inherited)",
					"@executable_path/Frameworks",
				);
				MARKETING_VERSION = 1.0;
				PRODUCT_BUNDLE_IDENTIFIER = ID.Facade;
				PRODUCT_NAME = "$(TARGET_NAME)";
				SWIFT_EMIT_LOC_STRINGS = YES;
				SWIFT_VERSION = 5.0;
				TARGETED_DEVICE_FAMILY = "1,2";
			};
			name = Debug;
		};
		7E2EA34729D08F9D00A97CC3 /* Release */ = {
			isa = XCBuildConfiguration;
			buildSettings = {
				ASSETCATALOG_COMPILER_APPICON_NAME = AppIcon;
				ASSETCATALOG_COMPILER_GLOBAL_ACCENT_COLOR_NAME = AccentColor;
				CODE_SIGN_STYLE = Automatic;
				CURRENT_PROJECT_VERSION = 1;
				GENERATE_INFOPLIST_FILE = YES;
				INFOPLIST_FILE = Facade/Info.plist;
				INFOPLIST_KEY_UIApplicationSupportsIndirectInputEvents = YES;
				INFOPLIST_KEY_UILaunchStoryboardName = LaunchScreen;
				INFOPLIST_KEY_UIMainStoryboardFile = Main;
				INFOPLIST_KEY_UISupportedInterfaceOrientations_iPad = "UIInterfaceOrientationPortrait UIInterfaceOrientationPortraitUpsideDown UIInterfaceOrientationLandscapeLeft UIInterfaceOrientationLandscapeRight";
				INFOPLIST_KEY_UISupportedInterfaceOrientations_iPhone = "UIInterfaceOrientationPortrait UIInterfaceOrientationLandscapeLeft UIInterfaceOrientationLandscapeRight";
				LD_RUNPATH_SEARCH_PATHS = (
					"$(inherited)",
					"@executable_path/Frameworks",
				);
				MARKETING_VERSION = 1.0;
				PRODUCT_BUNDLE_IDENTIFIER = ID.Facade;
				PRODUCT_NAME = "$(TARGET_NAME)";
				SWIFT_EMIT_LOC_STRINGS = YES;
				SWIFT_VERSION = 5.0;
				TARGETED_DEVICE_FAMILY = "1,2";
			};
			name = Release;
		};
/* End XCBuildConfiguration section */

/* Begin XCConfigurationList section */
		7E2EA32C29D08F9900A97CC3 /* Build configuration list for PBXProject "Facade" */ = {
			isa = XCConfigurationList;
			buildConfigurations = (
				7E2EA34329D08F9D00A97CC3 /* Debug */,
				7E2EA34429D08F9D00A97CC3 /* Release */,
			);
			defaultConfigurationIsVisible = 0;
			defaultConfigurationName = Release;
		};
		7E2EA34529D08F9D00A97CC3 /* Build configuration list for PBXNativeTarget "Facade" */ = {
			isa = XCConfigurationList;
			buildConfigurations = (
				7E2EA34629D08F9D00A97CC3 /* Debug */,
				7E2EA34729D08F9D00A97CC3 /* Release */,
			);
			defaultConfigurationIsVisible = 0;
			defaultConfigurationName = Release;
		};
/* End XCConfigurationList section */
	};
	rootObject = 7E2EA32929D08F9900A97CC3 /* Project object */;
}
